// !$*UTF8*$!
{
	archiveVersion = 1;
	classes = {
	};
	objectVersion = 50;
	objects = {

/* Begin PBXBuildFile section */
		85ED1B642372CA380002DFD9 /* AppDelegate.swift in Sources */ = {isa = PBXBuildFile; fileRef = 85ED1B632372CA380002DFD9 /* AppDelegate.swift */; };
		85ED1B662372CA380002DFD9 /* SceneDelegate.swift in Sources */ = {isa = PBXBuildFile; fileRef = 85ED1B652372CA380002DFD9 /* SceneDelegate.swift */; };
		85ED1B682372CA380002DFD9 /* ViewController.swift in Sources */ = {isa = PBXBuildFile; fileRef = 85ED1B672372CA380002DFD9 /* ViewController.swift */; };
		85ED1B6B2372CA380002DFD9 /* Main.storyboard in Resources */ = {isa = PBXBuildFile; fileRef = 85ED1B692372CA380002DFD9 /* Main.storyboard */; };
		85ED1B6D2372CA390002DFD9 /* Assets.xcassets in Resources */ = {isa = PBXBuildFile; fileRef = 85ED1B6C2372CA390002DFD9 /* Assets.xcassets */; };
		85ED1B702372CA390002DFD9 /* LaunchScreen.storyboard in Resources */ = {isa = PBXBuildFile; fileRef = 85ED1B6E2372CA390002DFD9 /* LaunchScreen.storyboard */; };
		85ED1B792372FA100002DFD9 /* InfoViewController.swift in Sources */ = {isa = PBXBuildFile; fileRef = 85ED1B782372FA100002DFD9 /* InfoViewController.swift */; };
		85ED1B7B237303D60002DFD9 /* FruitViewController.swift in Sources */ = {isa = PBXBuildFile; fileRef = 85ED1B7A237303D60002DFD9 /* FruitViewController.swift */; };
		85ED1B7D237303F20002DFD9 /* VegetableViewController.swift in Sources */ = {isa = PBXBuildFile; fileRef = 85ED1B7C237303F20002DFD9 /* VegetableViewController.swift */; };
		85ED1B8023731D4C0002DFD9 /* FruitTableViewCell.swift in Sources */ = {isa = PBXBuildFile; fileRef = 85ED1B7F23731D4C0002DFD9 /* FruitTableViewCell.swift */; };
		85ED1B852373215B0002DFD9 /* FruitDataSource.swift in Sources */ = {isa = PBXBuildFile; fileRef = 85ED1B842373215B0002DFD9 /* FruitDataSource.swift */; };
		85ED1B87237321820002DFD9 /* VegetableDataSource.swift in Sources */ = {isa = PBXBuildFile; fileRef = 85ED1B86237321820002DFD9 /* VegetableDataSource.swift */; };
		85ED1B89237322A90002DFD9 /* Blessing.swift in Sources */ = {isa = PBXBuildFile; fileRef = 85ED1B88237322A90002DFD9 /* Blessing.swift */; };
		85ED1B8B23733E5B0002DFD9 /* VegetableCollectionViewCell.swift in Sources */ = {isa = PBXBuildFile; fileRef = 85ED1B8A23733E5B0002DFD9 /* VegetableCollectionViewCell.swift */; };
		85ED1B8D2373465F0002DFD9 /* BlessingDetailViewController.swift in Sources */ = {isa = PBXBuildFile; fileRef = 85ED1B8C2373465F0002DFD9 /* BlessingDetailViewController.swift */; };
/* End PBXBuildFile section */

/* Begin PBXFileReference section */
		85ED1B602372CA380002DFD9 /* Healty & Fit.app */ = {isa = PBXFileReference; explicitFileType = wrapper.application; includeInIndex = 0; path = "Healty & Fit.app"; sourceTree = BUILT_PRODUCTS_DIR; };
		85ED1B632372CA380002DFD9 /* AppDelegate.swift */ = {isa = PBXFileReference; lastKnownFileType = sourcecode.swift; path = AppDelegate.swift; sourceTree = "<group>"; };
		85ED1B652372CA380002DFD9 /* SceneDelegate.swift */ = {isa = PBXFileReference; lastKnownFileType = sourcecode.swift; path = SceneDelegate.swift; sourceTree = "<group>"; };
		85ED1B672372CA380002DFD9 /* ViewController.swift */ = {isa = PBXFileReference; lastKnownFileType = sourcecode.swift; path = ViewController.swift; sourceTree = "<group>"; };
		85ED1B6A2372CA380002DFD9 /* Base */ = {isa = PBXFileReference; lastKnownFileType = file.storyboard; name = Base; path = Base.lproj/Main.storyboard; sourceTree = "<group>"; };
		85ED1B6C2372CA390002DFD9 /* Assets.xcassets */ = {isa = PBXFileReference; lastKnownFileType = folder.assetcatalog; path = Assets.xcassets; sourceTree = "<group>"; };
		85ED1B6F2372CA390002DFD9 /* Base */ = {isa = PBXFileReference; lastKnownFileType = file.storyboard; name = Base; path = Base.lproj/LaunchScreen.storyboard; sourceTree = "<group>"; };
		85ED1B712372CA390002DFD9 /* Info.plist */ = {isa = PBXFileReference; lastKnownFileType = text.plist.xml; path = Info.plist; sourceTree = "<group>"; };
		85ED1B782372FA100002DFD9 /* InfoViewController.swift */ = {isa = PBXFileReference; lastKnownFileType = sourcecode.swift; path = InfoViewController.swift; sourceTree = "<group>"; };
		85ED1B7A237303D60002DFD9 /* FruitViewController.swift */ = {isa = PBXFileReference; lastKnownFileType = sourcecode.swift; path = FruitViewController.swift; sourceTree = "<group>"; };
		85ED1B7C237303F20002DFD9 /* VegetableViewController.swift */ = {isa = PBXFileReference; lastKnownFileType = sourcecode.swift; path = VegetableViewController.swift; sourceTree = "<group>"; };
		85ED1B7F23731D4C0002DFD9 /* FruitTableViewCell.swift */ = {isa = PBXFileReference; lastKnownFileType = sourcecode.swift; path = FruitTableViewCell.swift; sourceTree = "<group>"; };
		85ED1B842373215B0002DFD9 /* FruitDataSource.swift */ = {isa = PBXFileReference; lastKnownFileType = sourcecode.swift; path = FruitDataSource.swift; sourceTree = "<group>"; };
		85ED1B86237321820002DFD9 /* VegetableDataSource.swift */ = {isa = PBXFileReference; lastKnownFileType = sourcecode.swift; path = VegetableDataSource.swift; sourceTree = "<group>"; };
		85ED1B88237322A90002DFD9 /* Blessing.swift */ = {isa = PBXFileReference; lastKnownFileType = sourcecode.swift; path = Blessing.swift; sourceTree = "<group>"; };
		85ED1B8A23733E5B0002DFD9 /* VegetableCollectionViewCell.swift */ = {isa = PBXFileReference; lastKnownFileType = sourcecode.swift; path = VegetableCollectionViewCell.swift; sourceTree = "<group>"; };
		85ED1B8C2373465F0002DFD9 /* BlessingDetailViewController.swift */ = {isa = PBXFileReference; lastKnownFileType = sourcecode.swift; path = BlessingDetailViewController.swift; sourceTree = "<group>"; };
/* End PBXFileReference section */

/* Begin PBXFrameworksBuildPhase section */
		85ED1B5D2372CA380002DFD9 /* Frameworks */ = {
			isa = PBXFrameworksBuildPhase;
			buildActionMask = 2147483647;
			files = (
			);
			runOnlyForDeploymentPostprocessing = 0;
		};
/* End PBXFrameworksBuildPhase section */

/* Begin PBXGroup section */
		85ED1B572372CA380002DFD9 = {
			isa = PBXGroup;
			children = (
				85ED1B622372CA380002DFD9 /* Healty & Fit */,
				85ED1B612372CA380002DFD9 /* Products */,
			);
			sourceTree = "<group>";
		};
		85ED1B612372CA380002DFD9 /* Products */ = {
			isa = PBXGroup;
			children = (
				85ED1B602372CA380002DFD9 /* Healty & Fit.app */,
			);
			name = Products;
			sourceTree = "<group>";
		};
		85ED1B622372CA380002DFD9 /* Healty & Fit */ = {
			isa = PBXGroup;
			children = (
				85ED1B83237321310002DFD9 /* Model */,
				85ED1B7E23731CD20002DFD9 /* Cells */,
				85ED1B772372F9270002DFD9 /* ViewController */,
				85ED1B632372CA380002DFD9 /* AppDelegate.swift */,
				85ED1B652372CA380002DFD9 /* SceneDelegate.swift */,
				85ED1B672372CA380002DFD9 /* ViewController.swift */,
				85ED1B692372CA380002DFD9 /* Main.storyboard */,
				85ED1B6C2372CA390002DFD9 /* Assets.xcassets */,
				85ED1B6E2372CA390002DFD9 /* LaunchScreen.storyboard */,
				85ED1B712372CA390002DFD9 /* Info.plist */,
			);
			path = "Healty & Fit";
			sourceTree = "<group>";
		};
		85ED1B772372F9270002DFD9 /* ViewController */ = {
			isa = PBXGroup;
			children = (
				85ED1B782372FA100002DFD9 /* InfoViewController.swift */,
				85ED1B7A237303D60002DFD9 /* FruitViewController.swift */,
				85ED1B7C237303F20002DFD9 /* VegetableViewController.swift */,
				85ED1B8C2373465F0002DFD9 /* BlessingDetailViewController.swift */,
			);
			path = ViewController;
			sourceTree = "<group>";
		};
		85ED1B7E23731CD20002DFD9 /* Cells */ = {
			isa = PBXGroup;
			children = (
				85ED1B7F23731D4C0002DFD9 /* FruitTableViewCell.swift */,
				85ED1B8A23733E5B0002DFD9 /* VegetableCollectionViewCell.swift */,
			);
			path = Cells;
			sourceTree = "<group>";
		};
		85ED1B83237321310002DFD9 /* Model */ = {
			isa = PBXGroup;
			children = (
				85ED1B842373215B0002DFD9 /* FruitDataSource.swift */,
				85ED1B86237321820002DFD9 /* VegetableDataSource.swift */,
				85ED1B88237322A90002DFD9 /* Blessing.swift */,
			);
			path = Model;
			sourceTree = "<group>";
		};
/* End PBXGroup section */

/* Begin PBXNativeTarget section */
		85ED1B5F2372CA380002DFD9 /* Healty & Fit */ = {
			isa = PBXNativeTarget;
			buildConfigurationList = 85ED1B742372CA390002DFD9 /* Build configuration list for PBXNativeTarget "Healty & Fit" */;
			buildPhases = (
				85ED1B5C2372CA380002DFD9 /* Sources */,
				85ED1B5D2372CA380002DFD9 /* Frameworks */,
				85ED1B5E2372CA380002DFD9 /* Resources */,
			);
			buildRules = (
			);
			dependencies = (
			);
			name = "Healty & Fit";
			productName = "Healty & Fit";
			productReference = 85ED1B602372CA380002DFD9 /* Healty & Fit.app */;
			productType = "com.apple.product-type.application";
		};
/* End PBXNativeTarget section */

/* Begin PBXProject section */
		85ED1B582372CA380002DFD9 /* Project object */ = {
			isa = PBXProject;
			attributes = {
				LastSwiftUpdateCheck = 1100;
				LastUpgradeCheck = 1100;
				ORGANIZATIONNAME = "Kazim Okan AKGÜL";
				TargetAttributes = {
					85ED1B5F2372CA380002DFD9 = {
						CreatedOnToolsVersion = 11.0;
					};
				};
			};
			buildConfigurationList = 85ED1B5B2372CA380002DFD9 /* Build configuration list for PBXProject "Healty & Fit" */;
			compatibilityVersion = "Xcode 9.3";
			developmentRegion = en;
			hasScannedForEncodings = 0;
			knownRegions = (
				en,
				Base,
			);
			mainGroup = 85ED1B572372CA380002DFD9;
			productRefGroup = 85ED1B612372CA380002DFD9 /* Products */;
			projectDirPath = "";
			projectRoot = "";
			targets = (
				85ED1B5F2372CA380002DFD9 /* Healty & Fit */,
			);
		};
/* End PBXProject section */

/* Begin PBXResourcesBuildPhase section */
		85ED1B5E2372CA380002DFD9 /* Resources */ = {
			isa = PBXResourcesBuildPhase;
			buildActionMask = 2147483647;
			files = (
				85ED1B702372CA390002DFD9 /* LaunchScreen.storyboard in Resources */,
				85ED1B6D2372CA390002DFD9 /* Assets.xcassets in Resources */,
				85ED1B6B2372CA380002DFD9 /* Main.storyboard in Resources */,
			);
			runOnlyForDeploymentPostprocessing = 0;
		};
/* End PBXResourcesBuildPhase section */

/* Begin PBXSourcesBuildPhase section */
		85ED1B5C2372CA380002DFD9 /* Sources */ = {
			isa = PBXSourcesBuildPhase;
			buildActionMask = 2147483647;
			files = (
				85ED1B7D237303F20002DFD9 /* VegetableViewController.swift in Sources */,
				85ED1B87237321820002DFD9 /* VegetableDataSource.swift in Sources */,
				85ED1B682372CA380002DFD9 /* ViewController.swift in Sources */,
				85ED1B8023731D4C0002DFD9 /* FruitTableViewCell.swift in Sources */,
				85ED1B7B237303D60002DFD9 /* FruitViewController.swift in Sources */,
				85ED1B852373215B0002DFD9 /* FruitDataSource.swift in Sources */,
				85ED1B8D2373465F0002DFD9 /* BlessingDetailViewController.swift in Sources */,
				85ED1B642372CA380002DFD9 /* AppDelegate.swift in Sources */,
				85ED1B792372FA100002DFD9 /* InfoViewController.swift in Sources */,
				85ED1B662372CA380002DFD9 /* SceneDelegate.swift in Sources */,
				85ED1B8B23733E5B0002DFD9 /* VegetableCollectionViewCell.swift in Sources */,
				85ED1B89237322A90002DFD9 /* Blessing.swift in Sources */,
			);
			runOnlyForDeploymentPostprocessing = 0;
		};
/* End PBXSourcesBuildPhase section */

/* Begin PBXVariantGroup section */
		85ED1B692372CA380002DFD9 /* Main.storyboard */ = {
			isa = PBXVariantGroup;
			children = (
				85ED1B6A2372CA380002DFD9 /* Base */,
			);
			name = Main.storyboard;
			sourceTree = "<group>";
		};
		85ED1B6E2372CA390002DFD9 /* LaunchScreen.storyboard */ = {
			isa = PBXVariantGroup;
			children = (
				85ED1B6F2372CA390002DFD9 /* Base */,
			);
			name = LaunchScreen.storyboard;
			sourceTree = "<group>";
		};
/* End PBXVariantGroup section */

/* Begin XCBuildConfiguration section */
		85ED1B722372CA390002DFD9 /* Debug */ = {
			isa = XCBuildConfiguration;
			buildSettings = {
				ALWAYS_SEARCH_USER_PATHS = NO;
				CLANG_ANALYZER_NONNULL = YES;
				CLANG_ANALYZER_NUMBER_OBJECT_CONVERSION = YES_AGGRESSIVE;
				CLANG_CXX_LANGUAGE_STANDARD = "gnu++14";
				CLANG_CXX_LIBRARY = "libc++";
				CLANG_ENABLE_MODULES = YES;
				CLANG_ENABLE_OBJC_ARC = YES;
				CLANG_ENABLE_OBJC_WEAK = YES;
				CLANG_WARN_BLOCK_CAPTURE_AUTORELEASING = YES;
				CLANG_WARN_BOOL_CONVERSION = YES;
				CLANG_WARN_COMMA = YES;
				CLANG_WARN_CONSTANT_CONVERSION = YES;
				CLANG_WARN_DEPRECATED_OBJC_IMPLEMENTATIONS = YES;
				CLANG_WARN_DIRECT_OBJC_ISA_USAGE = YES_ERROR;
				CLANG_WARN_DOCUMENTATION_COMMENTS = YES;
				CLANG_WARN_EMPTY_BODY = YES;
				CLANG_WARN_ENUM_CONVERSION = YES;
				CLANG_WARN_INFINITE_RECURSION = YES;
				CLANG_WARN_INT_CONVERSION = YES;
				CLANG_WARN_NON_LITERAL_NULL_CONVERSION = YES;
				CLANG_WARN_OBJC_IMPLICIT_RETAIN_SELF = YES;
				CLANG_WARN_OBJC_LITERAL_CONVERSION = YES;
				CLANG_WARN_OBJC_ROOT_CLASS = YES_ERROR;
				CLANG_WARN_RANGE_LOOP_ANALYSIS = YES;
				CLANG_WARN_STRICT_PROTOTYPES = YES;
				CLANG_WARN_SUSPICIOUS_MOVE = YES;
				CLANG_WARN_UNGUARDED_AVAILABILITY = YES_AGGRESSIVE;
				CLANG_WARN_UNREACHABLE_CODE = YES;
				CLANG_WARN__DUPLICATE_METHOD_MATCH = YES;
				COPY_PHASE_STRIP = NO;
				DEBUG_INFORMATION_FORMAT = dwarf;
				ENABLE_STRICT_OBJC_MSGSEND = YES;
				ENABLE_TESTABILITY = YES;
				GCC_C_LANGUAGE_STANDARD = gnu11;
				GCC_DYNAMIC_NO_PIC = NO;
				GCC_NO_COMMON_BLOCKS = YES;
				GCC_OPTIMIZATION_LEVEL = 0;
				GCC_PREPROCESSOR_DEFINITIONS = (
					"DEBUG=1",
					"$(inherited)",
				);
				GCC_WARN_64_TO_32_BIT_CONVERSION = YES;
				GCC_WARN_ABOUT_RETURN_TYPE = YES_ERROR;
				GCC_WARN_UNDECLARED_SELECTOR = YES;
				GCC_WARN_UNINITIALIZED_AUTOS = YES_AGGRESSIVE;
				GCC_WARN_UNUSED_FUNCTION = YES;
				GCC_WARN_UNUSED_VARIABLE = YES;
				IPHONEOS_DEPLOYMENT_TARGET = 13.0;
				MTL_ENABLE_DEBUG_INFO = INCLUDE_SOURCE;
				MTL_FAST_MATH = YES;
				ONLY_ACTIVE_ARCH = YES;
				SDKROOT = iphoneos;
				SWIFT_ACTIVE_COMPILATION_CONDITIONS = DEBUG;
				SWIFT_OPTIMIZATION_LEVEL = "-Onone";
			};
			name = Debug;
		};
		85ED1B732372CA390002DFD9 /* Release */ = {
			isa = XCBuildConfiguration;
			buildSettings = {
				ALWAYS_SEARCH_USER_PATHS = NO;
				CLANG_ANALYZER_NONNULL = YES;
				CLANG_ANALYZER_NUMBER_OBJECT_CONVERSION = YES_AGGRESSIVE;
				CLANG_CXX_LANGUAGE_STANDARD = "gnu++14";
				CLANG_CXX_LIBRARY = "libc++";
				CLANG_ENABLE_MODULES = YES;
				CLANG_ENABLE_OBJC_ARC = YES;
				CLANG_ENABLE_OBJC_WEAK = YES;
				CLANG_WARN_BLOCK_CAPTURE_AUTORELEASING = YES;
				CLANG_WARN_BOOL_CONVERSION = YES;
				CLANG_WARN_COMMA = YES;
				CLANG_WARN_CONSTANT_CONVERSION = YES;
				CLANG_WARN_DEPRECATED_OBJC_IMPLEMENTATIONS = YES;
				CLANG_WARN_DIRECT_OBJC_ISA_USAGE = YES_ERROR;
				CLANG_WARN_DOCUMENTATION_COMMENTS = YES;
				CLANG_WARN_EMPTY_BODY = YES;
				CLANG_WARN_ENUM_CONVERSION = YES;
				CLANG_WARN_INFINITE_RECURSION = YES;
				CLANG_WARN_INT_CONVERSION = YES;
				CLANG_WARN_NON_LITERAL_NULL_CONVERSION = YES;
				CLANG_WARN_OBJC_IMPLICIT_RETAIN_SELF = YES;
				CLANG_WARN_OBJC_LITERAL_CONVERSION = YES;
				CLANG_WARN_OBJC_ROOT_CLASS = YES_ERROR;
				CLANG_WARN_RANGE_LOOP_ANALYSIS = YES;
				CLANG_WARN_STRICT_PROTOTYPES = YES;
				CLANG_WARN_SUSPICIOUS_MOVE = YES;
				CLANG_WARN_UNGUARDED_AVAILABILITY = YES_AGGRESSIVE;
				CLANG_WARN_UNREACHABLE_CODE = YES;
				CLANG_WARN__DUPLICATE_METHOD_MATCH = YES;
				COPY_PHASE_STRIP = NO;
				DEBUG_INFORMATION_FORMAT = "dwarf-with-dsym";
				ENABLE_NS_ASSERTIONS = NO;
				ENABLE_STRICT_OBJC_MSGSEND = YES;
				GCC_C_LANGUAGE_STANDARD = gnu11;
				GCC_NO_COMMON_BLOCKS = YES;
				GCC_WARN_64_TO_32_BIT_CONVERSION = YES;
				GCC_WARN_ABOUT_RETURN_TYPE = YES_ERROR;
				GCC_WARN_UNDECLARED_SELECTOR = YES;
				GCC_WARN_UNINITIALIZED_AUTOS = YES_AGGRESSIVE;
				GCC_WARN_UNUSED_FUNCTION = YES;
				GCC_WARN_UNUSED_VARIABLE = YES;
				IPHONEOS_DEPLOYMENT_TARGET = 13.0;
				MTL_ENABLE_DEBUG_INFO = NO;
				MTL_FAST_MATH = YES;
				SDKROOT = iphoneos;
				SWIFT_COMPILATION_MODE = wholemodule;
				SWIFT_OPTIMIZATION_LEVEL = "-O";
				VALIDATE_PRODUCT = YES;
			};
			name = Release;
		};
		85ED1B752372CA390002DFD9 /* Debug */ = {
			isa = XCBuildConfiguration;
			buildSettings = {
				ASSETCATALOG_COMPILER_APPICON_NAME = AppIcon;
				CODE_SIGN_STYLE = Automatic;
				INFOPLIST_FILE = "Healty & Fit/Info.plist";
				LD_RUNPATH_SEARCH_PATHS = (
					"$(inherited)",
					"@executable_path/Frameworks",
				);
				PRODUCT_BUNDLE_IDENTIFIER = "kakgul16.Healty---Fit";
				PRODUCT_NAME = "$(TARGET_NAME)";
				SWIFT_VERSION = 5.0;
				TARGETED_DEVICE_FAMILY = "1,2";
			};
			name = Debug;
		};
		85ED1B762372CA390002DFD9 /* Release */ = {
			isa = XCBuildConfiguration;
			buildSettings = {
				ASSETCATALOG_COMPILER_APPICON_NAME = AppIcon;
				CODE_SIGN_STYLE = Automatic;
				INFOPLIST_FILE = "Healty & Fit/Info.plist";
				LD_RUNPATH_SEARCH_PATHS = (
					"$(inherited)",
					"@executable_path/Frameworks",
				);
				PRODUCT_BUNDLE_IDENTIFIER = "kakgul16.Healty---Fit";
				PRODUCT_NAME = "$(TARGET_NAME)";
				SWIFT_VERSION = 5.0;
				TARGETED_DEVICE_FAMILY = "1,2";
			};
			name = Release;
		};
/* End XCBuildConfiguration section */

/* Begin XCConfigurationList section */
		85ED1B5B2372CA380002DFD9 /* Build configuration list for PBXProject "Healty & Fit" */ = {
			isa = XCConfigurationList;
			buildConfigurations = (
				85ED1B722372CA390002DFD9 /* Debug */,
				85ED1B732372CA390002DFD9 /* Release */,
			);
			defaultConfigurationIsVisible = 0;
			defaultConfigurationName = Release;
		};
		85ED1B742372CA390002DFD9 /* Build configuration list for PBXNativeTarget "Healty & Fit" */ = {
			isa = XCConfigurationList;
			buildConfigurations = (
				85ED1B752372CA390002DFD9 /* Debug */,
				85ED1B762372CA390002DFD9 /* Release */,
			);
			defaultConfigurationIsVisible = 0;
			defaultConfigurationName = Release;
		};
/* End XCConfigurationList section */
	};
	rootObject = 85ED1B582372CA380002DFD9 /* Project object */;
}
